{
  "version": 4,
  "terraform_version": "1.11.4",
  "serial": 16,
  "lineage": "0b957aa0-5347-7535-11da-a2eeb14a9341",
  "outputs": {},
  "resources": [
    {
      "module": "module.webapp1",
      "mode": "managed",
      "type": "azurerm_linux_web_app",
      "name": "weapp12",
      "provider": "module.webapp1.provider[\"registry.terraform.io/hashicorp/azurerm\"]",
      "instances": [
        {
          "schema_version": 1,
          "attributes": {
            "app_settings": null,
            "auth_settings": [],
            "auth_settings_v2": [],
            "backup": [],
            "client_affinity_enabled": false,
            "client_certificate_enabled": false,
            "client_certificate_exclusion_paths": "",
            "client_certificate_mode": "Required",
            "connection_string": [],
            "custom_domain_verification_id": "FADA7DD73091EC9665FB32D9BCF01400DC93E0F27A4D9B1D33866C9F569B77FC",
            "default_hostname": "weapp12.azurewebsites.net",
            "enabled": true,
            "ftp_publish_basic_authentication_enabled": true,
            "hosting_environment_id": "",
            "https_only": false,
            "id": "/subscriptions/cbe04384-7255-4608-b516-a47dd1083d22/resourceGroups/weapp12/providers/Microsoft.Web/sites/weapp12",
            "identity": [],
            "key_vault_reference_identity_id": "SystemAssigned",
            "kind": "app,linux",
            "location": "canadacentral",
            "logs": [],
            "name": "weapp12",
            "outbound_ip_address_list": [
              "13.88.230.232",
              "13.88.229.172",
              "52.228.39.78",
              "13.71.191.27",
              "13.71.170.130"
            ],
            "outbound_ip_addresses": "13.88.230.232,13.88.229.172,52.228.39.78,13.71.191.27,13.71.170.130",
            "possible_outbound_ip_address_list": [
              "13.88.230.232",
              "13.88.229.172",
              "52.228.39.78",
              "13.71.191.27",
              "40.85.254.37",
              "40.85.219.45",
              "40.85.223.56",
              "52.228.42.60",
              "52.228.42.28",
              "20.220.138.125",
              "20.220.138.151",
              "20.220.138.166",
              "20.220.140.137",
              "20.220.140.186",
              "20.220.141.54",
              "20.220.156.238",
              "20.175.139.169",
              "20.175.139.175",
              "20.175.139.218",
              "20.175.140.16",
              "20.175.140.35",
              "13.71.170.130"
            ],
            "possible_outbound_ip_addresses": "13.88.230.232,13.88.229.172,52.228.39.78,13.71.191.27,40.85.254.37,40.85.219.45,40.85.223.56,52.228.42.60,52.228.42.28,20.220.138.125,20.220.138.151,20.220.138.166,20.220.140.137,20.220.140.186,20.220.141.54,20.220.156.238,20.175.139.169,20.175.139.175,20.175.139.218,20.175.140.16,20.175.140.35,13.71.170.130",
            "public_network_access_enabled": true,
            "resource_group_name": "weapp12",
            "service_plan_id": "/subscriptions/cbe04384-7255-4608-b516-a47dd1083d22/resourceGroups/weapp12/providers/Microsoft.Web/serverFarms/weapp12",
            "site_config": [
              {
                "always_on": false,
                "api_definition_url": "",
                "api_management_api_id": "",
                "app_command_line": "",
                "application_stack": [
                  {
                    "docker_image_name": "",
                    "docker_registry_password": "",
                    "docker_registry_url": "",
                    "docker_registry_username": "",
                    "dotnet_version": "",
                    "go_version": "",
                    "java_server": "",
                    "java_server_version": "",
                    "java_version": "",
                    "node_version": "",
                    "php_version": "",
                    "python_version": "",
                    "ruby_version": ""
                  }
                ],
                "auto_heal_setting": [],
                "container_registry_managed_identity_client_id": "",
                "container_registry_use_managed_identity": false,
                "cors": [],
                "default_documents": [
                  "Default.htm",
                  "Default.html",
                  "Default.asp",
                  "index.htm",
                  "index.html",
                  "iisstart.htm",
                  "default.aspx",
                  "index.php",
                  "hostingstart.html"
                ],
                "detailed_error_logging_enabled": false,
                "ftps_state": "Disabled",
                "health_check_eviction_time_in_min": 0,
                "health_check_path": "",
                "http2_enabled": false,
                "ip_restriction": [],
                "ip_restriction_default_action": "Allow",
                "linux_fx_version": "",
                "load_balancing_mode": "LeastRequests",
                "local_mysql_enabled": false,
                "managed_pipeline_mode": "Integrated",
                "minimum_tls_version": "1.2",
                "remote_debugging_enabled": false,
                "remote_debugging_version": "VS2022",
                "scm_ip_restriction": [],
                "scm_ip_restriction_default_action": "Allow",
                "scm_minimum_tls_version": "1.2",
                "scm_type": "None",
                "scm_use_main_ip_restriction": false,
                "use_32_bit_worker": true,
                "vnet_route_all_enabled": false,
                "websockets_enabled": false,
                "worker_count": 1
              }
            ],
            "site_credential": [
              {
                "name": "$weapp12",
                "password": "N6yFgSCg8H4fhAKcxabWf7qqZe0sTEP2Hm0hrhbhjhnFBhz4mmaGiGZkSbyZ"
              }
            ],
            "sticky_settings": [],
            "storage_account": [],
            "tags": null,
            "timeouts": null,
            "virtual_network_backup_restore_enabled": false,
            "virtual_network_subnet_id": "/subscriptions/cbe04384-7255-4608-b516-a47dd1083d22/resourceGroups/weapp12/providers/Microsoft.Network/virtualNetworks/weappvnet/subnets/weappsubnet",
            "webdeploy_publish_basic_authentication_enabled": true,
            "zip_deploy_file": ""
          },
          "sensitive_attributes": [
            [
              {
                "type": "get_attr",
                "value": "site_config"
              },
              {
                "type": "index",
                "value": {
                  "value": 0,
                  "type": "number"
                }
              },
              {
                "type": "get_attr",
                "value": "application_stack"
              },
              {
                "type": "index",
                "value": {
                  "value": 0,
                  "type": "number"
                }
              },
              {
                "type": "get_attr",
                "value": "docker_registry_password"
              }
            ],
            [
              {
                "type": "get_attr",
                "value": "custom_domain_verification_id"
              }
            ],
            [
              {
                "type": "get_attr",
                "value": "site_credential"
              }
            ]
          ],
          "private": "eyJlMmJmYjczMC1lY2FhLTExZTYtOGY4OC0zNDM2M2JjN2M0YzAiOnsiY3JlYXRlIjoxODAwMDAwMDAwMDAwLCJkZWxldGUiOjE4MDAwMDAwMDAwMDAsInJlYWQiOjMwMDAwMDAwMDAwMCwidXBkYXRlIjoxODAwMDAwMDAwMDAwfSwic2NoZW1hX3ZlcnNpb24iOiIxIn0=",
          "dependencies": [
            "module.webapp1.azurerm_resource_group.weapp12",
            "module.webapp1.azurerm_service_plan.weapp12",
            "module.webapp1.azurerm_subnet.weapp12",
            "module.webapp1.azurerm_virtual_network.weapp12"
          ]
        }
      ]
    },
    {
      "module": "module.webapp1",
      "mode": "managed",
      "type": "azurerm_resource_group",
      "name": "weapp12",
      "provider": "module.webapp1.provider[\"registry.terraform.io/hashicorp/azurerm\"]",
      "instances": [
        {
          "schema_version": 0,
          "attributes": {
            "id": "/subscriptions/cbe04384-7255-4608-b516-a47dd1083d22/resourceGroups/weapp12",
            "location": "canadacentral",
            "managed_by": "",
            "name": "weapp12",
            "tags": {},
            "timeouts": null
          },
          "sensitive_attributes": [],
          "private": "eyJlMmJmYjczMC1lY2FhLTExZTYtOGY4OC0zNDM2M2JjN2M0YzAiOnsiY3JlYXRlIjo1NDAwMDAwMDAwMDAwLCJkZWxldGUiOjU0MDAwMDAwMDAwMDAsInJlYWQiOjMwMDAwMDAwMDAwMCwidXBkYXRlIjo1NDAwMDAwMDAwMDAwfX0="
        }
      ]
    },
    {
      "module": "module.webapp1",
      "mode": "managed",
      "type": "azurerm_service_plan",
      "name": "weapp12",
      "provider": "module.webapp1.provider[\"registry.terraform.io/hashicorp/azurerm\"]",
      "instances": [
        {
          "schema_version": 1,
          "attributes": {
            "app_service_environment_id": "",
            "id": "/subscriptions/cbe04384-7255-4608-b516-a47dd1083d22/resourceGroups/weapp12/providers/Microsoft.Web/serverFarms/weapp12",
            "kind": "linux",
            "location": "canadacentral",
            "maximum_elastic_worker_count": 1,
            "name": "weapp12",
            "os_type": "Linux",
            "per_site_scaling_enabled": false,
            "premium_plan_auto_scale_enabled": false,
            "reserved": true,
            "resource_group_name": "weapp12",
            "sku_name": "S1",
            "tags": {},
            "timeouts": null,
            "worker_count": 1,
            "zone_balancing_enabled": false
          },
          "sensitive_attributes": [],
          "private": "eyJlMmJmYjczMC1lY2FhLTExZTYtOGY4OC0zNDM2M2JjN2M0YzAiOnsiY3JlYXRlIjozNjAwMDAwMDAwMDAwLCJkZWxldGUiOjM2MDAwMDAwMDAwMDAsInJlYWQiOjMwMDAwMDAwMDAwMCwidXBkYXRlIjozNjAwMDAwMDAwMDAwfSwic2NoZW1hX3ZlcnNpb24iOiIxIn0=",
          "dependencies": [
            "module.webapp1.azurerm_resource_group.weapp12"
          ]
        }
      ]
    },
    {
      "module": "module.webapp1",
      "mode": "managed",
      "type": "azurerm_subnet",
      "name": "weapp12",
      "provider": "module.webapp1.provider[\"registry.terraform.io/hashicorp/azurerm\"]",
      "instances": [
        {
          "schema_version": 0,
          "attributes": {
            "address_prefixes": [
              "10.0.0.0/26"
            ],
            "default_outbound_access_enabled": true,
            "delegation": [
              {
                "name": "example-delegation",
                "service_delegation": [
                  {
                    "actions": [
                      "Microsoft.Network/virtualNetworks/subnets/action"
                    ],
                    "name": "Microsoft.Web/serverFarms"
                  }
                ]
              }
            ],
            "id": "/subscriptions/cbe04384-7255-4608-b516-a47dd1083d22/resourceGroups/weapp12/providers/Microsoft.Network/virtualNetworks/weappvnet/subnets/weappsubnet",
            "name": "weappsubnet",
            "private_endpoint_network_policies": "Disabled",
            "private_link_service_network_policies_enabled": true,
            "resource_group_name": "weapp12",
            "service_endpoint_policy_ids": [],
            "service_endpoints": [],
            "timeouts": null,
            "virtual_network_name": "weappvnet"
          },
          "sensitive_attributes": [],
          "private": "eyJlMmJmYjczMC1lY2FhLTExZTYtOGY4OC0zNDM2M2JjN2M0YzAiOnsiY3JlYXRlIjoxODAwMDAwMDAwMDAwLCJkZWxldGUiOjE4MDAwMDAwMDAwMDAsInJlYWQiOjMwMDAwMDAwMDAwMCwidXBkYXRlIjoxODAwMDAwMDAwMDAwfX0=",
          "dependencies": [
            "module.webapp1.azurerm_resource_group.weapp12",
            "module.webapp1.azurerm_virtual_network.weapp12"
          ]
        }
      ]
    },
    {
      "module": "module.webapp1",
      "mode": "managed",
      "type": "azurerm_virtual_network",
      "name": "weapp12",
      "provider": "module.webapp1.provider[\"registry.terraform.io/hashicorp/azurerm\"]",
      "instances": [
        {
          "schema_version": 0,
          "attributes": {
            "address_space": [
              "10.0.0.0/16"
            ],
            "bgp_community": "",
            "ddos_protection_plan": [],
            "dns_servers": [],
            "edge_zone": "",
            "encryption": [],
            "flow_timeout_in_minutes": 0,
            "guid": "2bd4d7d6-c199-4154-bafb-06e15effb815",
            "id": "/subscriptions/cbe04384-7255-4608-b516-a47dd1083d22/resourceGroups/weapp12/providers/Microsoft.Network/virtualNetworks/weappvnet",
            "location": "canadacentral",
            "name": "weappvnet",
            "private_endpoint_vnet_policies": "Disabled",
            "resource_group_name": "weapp12",
            "subnet": [
              {
                "address_prefixes": [
                  "10.0.0.0/26"
                ],
                "default_outbound_access_enabled": true,
                "delegation": [],
                "id": "/subscriptions/cbe04384-7255-4608-b516-a47dd1083d22/resourceGroups/weapp12/providers/Microsoft.Network/virtualNetworks/weappvnet/subnets/weappsubnet",
                "name": "weappsubnet",
                "private_endpoint_network_policies": "Disabled",
                "private_link_service_network_policies_enabled": true,
                "route_table_id": "",
                "security_group": "",
                "service_endpoint_policy_ids": [],
                "service_endpoints": []
              }
            ],
            "tags": {},
            "timeouts": null
          },
          "sensitive_attributes": [],
          "private": "eyJlMmJmYjczMC1lY2FhLTExZTYtOGY4OC0zNDM2M2JjN2M0YzAiOnsiY3JlYXRlIjoxODAwMDAwMDAwMDAwLCJkZWxldGUiOjE4MDAwMDAwMDAwMDAsInJlYWQiOjMwMDAwMDAwMDAwMCwidXBkYXRlIjoxODAwMDAwMDAwMDAwfX0=",
          "dependencies": [
            "module.webapp1.azurerm_resource_group.weapp12"
          ]
        }
      ]
    }
  ],
  "check_results": null
}
